
Microsoft Visual Studio Solution File, Format Version 12.00
# Visual Studio Version 17
VisualStudioVersion = 17.14.36616.10 d17.14
MinimumVisualStudioVersion = 10.0.40219.1
Project("{FAE04EC0-301F-11D3-BF4B-00C04F79EFBC}") = "GlamGo_BADPJ", "GlamGo_BADPJ.csproj", "{5229FF39-6654-4B22-B608-E5F487C1DE65}"
EndProject
Global
	GlobalSection(SolutionConfigurationPlatforms) = preSolution
		Debug|Any CPU = Debug|Any CPU
		Release|Any CPU = Release|Any CPU
	EndGlobalSection
	GlobalSection(ProjectConfigurationPlatforms) = postSolution
		{5229FF39-6654-4B22-B608-E5F487C1DE65}.Debug|Any CPU.ActiveCfg = Debug|Any CPU
		{5229FF39-6654-4B22-B608-E5F487C1DE65}.Debug|Any CPU.Build.0 = Debug|Any CPU
		{5229FF39-6654-4B22-B608-E5F487C1DE65}.Release|Any CPU.ActiveCfg = Release|Any CPU
		{5229FF39-6654-4B22-B608-E5F487C1DE65}.Release|Any CPU.Build.0 = Release|Any CPU
	EndGlobalSection
	GlobalSection(SolutionProperties) = preSolution
		HideSolutionNode = FALSE
	EndGlobalSection
	GlobalSection(ExtensibilityGlobals) = postSolution
		SolutionGuid = {5D3C0F22-DBEB-4F20-8F5E-9A4185261AF8}
	EndGlobalSection
EndGlobal
